
Microsoft Visual Studio Solution File, Format Version 12.00
# Visual Studio Version 17
VisualStudioVersion = 17.4.33122.133
MinimumVisualStudioVersion = 10.0.40219.1
Project("{9A19103F-16F7-4668-BE54-9A1E7A4F7556}") = "ChildCareAPI", "ChildCareManagement\ChildCareAPI.csproj", "{8C170321-6C85-4E27-BC08-12FEEC525FED}"
EndProject
Project("{2150E333-8FDC-42A3-9474-1A3956D46DE8}") = "Authservicess", "Authservicess", "{846E2846-0571-44EE-99F9-F59D5289DE6C}"
EndProject
Project("{2150E333-8FDC-42A3-9474-1A3956D46DE8}") = "Crud", "Crud", "{D861E9E3-BB50-47FA-9015-2D1E319DCA19}"
EndProject
Project("{9A19103F-16F7-4668-BE54-9A1E7A4F7556}") = "ChildCareBAL", "ChildCareBAL\ChildCareBAL.csproj", "{058CB3BB-9F97-40C1-95B5-509C87CB102A}"
EndProject
Project("{9A19103F-16F7-4668-BE54-9A1E7A4F7556}") = "ChildCareDAL", "ChildCareDAL\ChildCareDAL.csproj", "{64125438-9C5F-48DF-A7B9-E0240372BD44}"
EndProject
Project("{9A19103F-16F7-4668-BE54-9A1E7A4F7556}") = "ChildCareIOC", "ChildCareIOC\ChildCareIOC.csproj", "{B7385688-EC8B-4537-8273-EA2FB5D2B0CB}"
EndProject
Project("{9A19103F-16F7-4668-BE54-9A1E7A4F7556}") = "ChildCareUtility", "ChildCareUtility\ChildCareUtility.csproj", "{1ACF6BC9-A1D2-44D4-95AA-172FEE4D5371}"
EndProject
Project("{9A19103F-16F7-4668-BE54-9A1E7A4F7556}") = "AuthServicesUtility", "AuthServicesUtility\AuthServicesUtility.csproj", "{F97838BD-8681-4A55-82D9-C3D32D93DE38}"
EndProject
Project("{2150E333-8FDC-42A3-9474-1A3956D46DE8}") = "All Microservices", "All Microservices", "{77A13F12-36FF-4CC7-81D3-7832DD1F4A8A}"
EndProject
Project("{2150E333-8FDC-42A3-9474-1A3956D46DE8}") = "OcelotGetWay", "OcelotGetWay", "{1276AE9D-3ABC-4CEA-BDE8-F71149DFF6D6}"
EndProject
Project("{9A19103F-16F7-4668-BE54-9A1E7A4F7556}") = "businessServicess", "Business service DTO's\businessServicess.csproj", "{F749CD08-B3EC-4EB1-83E1-178B8845FE1C}"
EndProject
Project("{2150E333-8FDC-42A3-9474-1A3956D46DE8}") = "Business services DTO", "Business services DTO", "{49F89C51-D1D4-4D71-8D33-4431803F1AA4}"
EndProject
Project("{9A19103F-16F7-4668-BE54-9A1E7A4F7556}") = "AuthServicesAPI", "Auth services API\AuthServicesAPI.csproj", "{496A7CED-EE94-4443-8B8A-89A4663E609B}"
EndProject
Project("{9A19103F-16F7-4668-BE54-9A1E7A4F7556}") = "AuthServicesBAL", "Auth services BAL\AuthServicesBAL.csproj", "{EEE1AD35-F00A-4220-8EC0-0262B7358133}"
EndProject
Project("{9A19103F-16F7-4668-BE54-9A1E7A4F7556}") = "AuthservicesDAL", "AuthservicesDAL\AuthservicesDAL.csproj", "{350500E2-1507-4EC9-889C-3C811E68C9BF}"
EndProject
Project("{9A19103F-16F7-4668-BE54-9A1E7A4F7556}") = "AuthServicesIOC", "AuthServiceIOC\AuthServicesIOC.csproj", "{37445385-2FC3-4603-A8FF-59688AA2941C}"
EndProject
Project("{FAE04EC0-301F-11D3-BF4B-00C04F79EFBC}") = "OcelotGateWay", "OcelotGateWay\OcelotGateWay.csproj", "{0A5627F1-2A30-41A1-8FDC-794FB6EC4844}"
EndProject
Global
	GlobalSection(SolutionConfigurationPlatforms) = preSolution
		Debug|Any CPU = Debug|Any CPU
		Release|Any CPU = Release|Any CPU
	EndGlobalSection
	GlobalSection(ProjectConfigurationPlatforms) = postSolution
		{8C170321-6C85-4E27-BC08-12FEEC525FED}.Debug|Any CPU.ActiveCfg = Debug|Any CPU
		{8C170321-6C85-4E27-BC08-12FEEC525FED}.Debug|Any CPU.Build.0 = Debug|Any CPU
		{8C170321-6C85-4E27-BC08-12FEEC525FED}.Release|Any CPU.ActiveCfg = Release|Any CPU
		{8C170321-6C85-4E27-BC08-12FEEC525FED}.Release|Any CPU.Build.0 = Release|Any CPU
		{058CB3BB-9F97-40C1-95B5-509C87CB102A}.Debug|Any CPU.ActiveCfg = Debug|Any CPU
		{058CB3BB-9F97-40C1-95B5-509C87CB102A}.Debug|Any CPU.Build.0 = Debug|Any CPU
		{058CB3BB-9F97-40C1-95B5-509C87CB102A}.Release|Any CPU.ActiveCfg = Release|Any CPU
		{058CB3BB-9F97-40C1-95B5-509C87CB102A}.Release|Any CPU.Build.0 = Release|Any CPU
		{64125438-9C5F-48DF-A7B9-E0240372BD44}.Debug|Any CPU.ActiveCfg = Debug|Any CPU
		{64125438-9C5F-48DF-A7B9-E0240372BD44}.Debug|Any CPU.Build.0 = Debug|Any CPU
		{64125438-9C5F-48DF-A7B9-E0240372BD44}.Release|Any CPU.ActiveCfg = Release|Any CPU
		{64125438-9C5F-48DF-A7B9-E0240372BD44}.Release|Any CPU.Build.0 = Release|Any CPU
		{B7385688-EC8B-4537-8273-EA2FB5D2B0CB}.Debug|Any CPU.ActiveCfg = Debug|Any CPU
		{B7385688-EC8B-4537-8273-EA2FB5D2B0CB}.Debug|Any CPU.Build.0 = Debug|Any CPU
		{B7385688-EC8B-4537-8273-EA2FB5D2B0CB}.Release|Any CPU.ActiveCfg = Release|Any CPU
		{B7385688-EC8B-4537-8273-EA2FB5D2B0CB}.Release|Any CPU.Build.0 = Release|Any CPU
		{1ACF6BC9-A1D2-44D4-95AA-172FEE4D5371}.Debug|Any CPU.ActiveCfg = Debug|Any CPU
		{1ACF6BC9-A1D2-44D4-95AA-172FEE4D5371}.Debug|Any CPU.Build.0 = Debug|Any CPU
		{1ACF6BC9-A1D2-44D4-95AA-172FEE4D5371}.Release|Any CPU.ActiveCfg = Release|Any CPU
		{1ACF6BC9-A1D2-44D4-95AA-172FEE4D5371}.Release|Any CPU.Build.0 = Release|Any CPU
		{F97838BD-8681-4A55-82D9-C3D32D93DE38}.Debug|Any CPU.ActiveCfg = Debug|Any CPU
		{F97838BD-8681-4A55-82D9-C3D32D93DE38}.Debug|Any CPU.Build.0 = Debug|Any CPU
		{F97838BD-8681-4A55-82D9-C3D32D93DE38}.Release|Any CPU.ActiveCfg = Release|Any CPU
		{F97838BD-8681-4A55-82D9-C3D32D93DE38}.Release|Any CPU.Build.0 = Release|Any CPU
		{F749CD08-B3EC-4EB1-83E1-178B8845FE1C}.Debug|Any CPU.ActiveCfg = Debug|Any CPU
		{F749CD08-B3EC-4EB1-83E1-178B8845FE1C}.Debug|Any CPU.Build.0 = Debug|Any CPU
		{F749CD08-B3EC-4EB1-83E1-178B8845FE1C}.Release|Any CPU.ActiveCfg = Release|Any CPU
		{F749CD08-B3EC-4EB1-83E1-178B8845FE1C}.Release|Any CPU.Build.0 = Release|Any CPU
		{496A7CED-EE94-4443-8B8A-89A4663E609B}.Debug|Any CPU.ActiveCfg = Debug|Any CPU
		{496A7CED-EE94-4443-8B8A-89A4663E609B}.Debug|Any CPU.Build.0 = Debug|Any CPU
		{496A7CED-EE94-4443-8B8A-89A4663E609B}.Release|Any CPU.ActiveCfg = Release|Any CPU
		{496A7CED-EE94-4443-8B8A-89A4663E609B}.Release|Any CPU.Build.0 = Release|Any CPU
		{EEE1AD35-F00A-4220-8EC0-0262B7358133}.Debug|Any CPU.ActiveCfg = Debug|Any CPU
		{EEE1AD35-F00A-4220-8EC0-0262B7358133}.Debug|Any CPU.Build.0 = Debug|Any CPU
		{EEE1AD35-F00A-4220-8EC0-0262B7358133}.Release|Any CPU.ActiveCfg = Release|Any CPU
		{EEE1AD35-F00A-4220-8EC0-0262B7358133}.Release|Any CPU.Build.0 = Release|Any CPU
		{350500E2-1507-4EC9-889C-3C811E68C9BF}.Debug|Any CPU.ActiveCfg = Debug|Any CPU
		{350500E2-1507-4EC9-889C-3C811E68C9BF}.Debug|Any CPU.Build.0 = Debug|Any CPU
		{350500E2-1507-4EC9-889C-3C811E68C9BF}.Release|Any CPU.ActiveCfg = Release|Any CPU
		{350500E2-1507-4EC9-889C-3C811E68C9BF}.Release|Any CPU.Build.0 = Release|Any CPU
		{37445385-2FC3-4603-A8FF-59688AA2941C}.Debug|Any CPU.ActiveCfg = Debug|Any CPU
		{37445385-2FC3-4603-A8FF-59688AA2941C}.Debug|Any CPU.Build.0 = Debug|Any CPU
		{37445385-2FC3-4603-A8FF-59688AA2941C}.Release|Any CPU.ActiveCfg = Release|Any CPU
		{37445385-2FC3-4603-A8FF-59688AA2941C}.Release|Any CPU.Build.0 = Release|Any CPU
		{0A5627F1-2A30-41A1-8FDC-794FB6EC4844}.Debug|Any CPU.ActiveCfg = Debug|Any CPU
		{0A5627F1-2A30-41A1-8FDC-794FB6EC4844}.Debug|Any CPU.Build.0 = Debug|Any CPU
		{0A5627F1-2A30-41A1-8FDC-794FB6EC4844}.Release|Any CPU.ActiveCfg = Release|Any CPU
		{0A5627F1-2A30-41A1-8FDC-794FB6EC4844}.Release|Any CPU.Build.0 = Release|Any CPU
	EndGlobalSection
	GlobalSection(SolutionProperties) = preSolution
		HideSolutionNode = FALSE
	EndGlobalSection
	GlobalSection(NestedProjects) = preSolution
		{8C170321-6C85-4E27-BC08-12FEEC525FED} = {D861E9E3-BB50-47FA-9015-2D1E319DCA19}
		{846E2846-0571-44EE-99F9-F59D5289DE6C} = {77A13F12-36FF-4CC7-81D3-7832DD1F4A8A}
		{D861E9E3-BB50-47FA-9015-2D1E319DCA19} = {77A13F12-36FF-4CC7-81D3-7832DD1F4A8A}
		{058CB3BB-9F97-40C1-95B5-509C87CB102A} = {D861E9E3-BB50-47FA-9015-2D1E319DCA19}
		{64125438-9C5F-48DF-A7B9-E0240372BD44} = {D861E9E3-BB50-47FA-9015-2D1E319DCA19}
		{B7385688-EC8B-4537-8273-EA2FB5D2B0CB} = {D861E9E3-BB50-47FA-9015-2D1E319DCA19}
		{1ACF6BC9-A1D2-44D4-95AA-172FEE4D5371} = {D861E9E3-BB50-47FA-9015-2D1E319DCA19}
		{F97838BD-8681-4A55-82D9-C3D32D93DE38} = {846E2846-0571-44EE-99F9-F59D5289DE6C}
		{F749CD08-B3EC-4EB1-83E1-178B8845FE1C} = {49F89C51-D1D4-4D71-8D33-4431803F1AA4}
		{49F89C51-D1D4-4D71-8D33-4431803F1AA4} = {77A13F12-36FF-4CC7-81D3-7832DD1F4A8A}
		{496A7CED-EE94-4443-8B8A-89A4663E609B} = {846E2846-0571-44EE-99F9-F59D5289DE6C}
		{EEE1AD35-F00A-4220-8EC0-0262B7358133} = {846E2846-0571-44EE-99F9-F59D5289DE6C}
		{350500E2-1507-4EC9-889C-3C811E68C9BF} = {846E2846-0571-44EE-99F9-F59D5289DE6C}
		{37445385-2FC3-4603-A8FF-59688AA2941C} = {846E2846-0571-44EE-99F9-F59D5289DE6C}
		{0A5627F1-2A30-41A1-8FDC-794FB6EC4844} = {1276AE9D-3ABC-4CEA-BDE8-F71149DFF6D6}
	EndGlobalSection
	GlobalSection(ExtensibilityGlobals) = postSolution
		SolutionGuid = {5947156B-1B46-484D-8438-F73A3618161E}
	EndGlobalSection
EndGlobal
